// !$*UTF8*$!
{
	archiveVersion = 1;
	classes = {
	};
	objectVersion = 56;
	objects = {

/* Begin PBXBuildFile section */
		30D0B8402C650C4C003671BF /* KPSS_Puan_HesaplamaApp.swift in Sources */ = {isa = PBXBuildFile; fileRef = 30D0B83F2C650C4C003671BF /* KPSS_Puan_HesaplamaApp.swift */; };
		30D0B8442C650C4F003671BF /* Assets.xcassets in Resources */ = {isa = PBXBuildFile; fileRef = 30D0B8432C650C4F003671BF /* Assets.xcassets */; };
		30D0B8472C650C4F003671BF /* Preview Assets.xcassets in Resources */ = {isa = PBXBuildFile; fileRef = 30D0B8462C650C4F003671BF /* Preview Assets.xcassets */; };
		30D0B84E2C6513CB003671BF /* RootView.swift in Sources */ = {isa = PBXBuildFile; fileRef = 30D0B84D2C6513CB003671BF /* RootView.swift */; };
		30D0B8522C6514EF003671BF /* MainView.swift in Sources */ = {isa = PBXBuildFile; fileRef = 30D0B8512C6514EF003671BF /* MainView.swift */; };
		30D0B8542C65150A003671BF /* ResultView.swift in Sources */ = {isa = PBXBuildFile; fileRef = 30D0B8532C65150A003671BF /* ResultView.swift */; };
		30D0B8562C652105003671BF /* OrtaogretimView.swift in Sources */ = {isa = PBXBuildFile; fileRef = 30D0B8552C652105003671BF /* OrtaogretimView.swift */; };
		30D0B8582C652117003671BF /* OnlisansView.swift in Sources */ = {isa = PBXBuildFile; fileRef = 30D0B8572C652117003671BF /* OnlisansView.swift */; };
		30D0B85A2C652135003671BF /* LisansView.swift in Sources */ = {isa = PBXBuildFile; fileRef = 30D0B8592C652135003671BF /* LisansView.swift */; };
		30D0B85C2C652147003671BF /* EgitimbilimleriView.swift in Sources */ = {isa = PBXBuildFile; fileRef = 30D0B85B2C652147003671BF /* EgitimbilimleriView.swift */; };
		30D0B85E2C652157003671BF /* OABTView.swift in Sources */ = {isa = PBXBuildFile; fileRef = 30D0B85D2C652157003671BF /* OABTView.swift */; };
		30D0B8612C67C751003671BF /* HesaplaButton.swift in Sources */ = {isa = PBXBuildFile; fileRef = 30D0B8602C67C751003671BF /* HesaplaButton.swift */; };
		30D0B8632C6E6E7C003671BF /* SonucView.swift in Sources */ = {isa = PBXBuildFile; fileRef = 30D0B8622C6E6E7C003671BF /* SonucView.swift */; };
		30D0B8662C70D54B003671BF /* Constants.swift in Sources */ = {isa = PBXBuildFile; fileRef = 30D0B8652C70D54B003671BF /* Constants.swift */; };
		30D0B8692C70D841003671BF /* Result.swift in Sources */ = {isa = PBXBuildFile; fileRef = 30D0B8682C70D841003671BF /* Result.swift */; };
/* End PBXBuildFile section */

/* Begin PBXFileReference section */
		30D0B83C2C650C4C003671BF /* KPSS Puan Hesaplama.app */ = {isa = PBXFileReference; explicitFileType = wrapper.application; includeInIndex = 0; path = "KPSS Puan Hesaplama.app"; sourceTree = BUILT_PRODUCTS_DIR; };
		30D0B83F2C650C4C003671BF /* KPSS_Puan_HesaplamaApp.swift */ = {isa = PBXFileReference; lastKnownFileType = sourcecode.swift; path = KPSS_Puan_HesaplamaApp.swift; sourceTree = "<group>"; };
		30D0B8432C650C4F003671BF /* Assets.xcassets */ = {isa = PBXFileReference; lastKnownFileType = folder.assetcatalog; path = Assets.xcassets; sourceTree = "<group>"; };
		30D0B8462C650C4F003671BF /* Preview Assets.xcassets */ = {isa = PBXFileReference; lastKnownFileType = folder.assetcatalog; path = "Preview Assets.xcassets"; sourceTree = "<group>"; };
		30D0B84D2C6513CB003671BF /* RootView.swift */ = {isa = PBXFileReference; lastKnownFileType = sourcecode.swift; path = RootView.swift; sourceTree = "<group>"; };
		30D0B8512C6514EF003671BF /* MainView.swift */ = {isa = PBXFileReference; lastKnownFileType = sourcecode.swift; path = MainView.swift; sourceTree = "<group>"; };
		30D0B8532C65150A003671BF /* ResultView.swift */ = {isa = PBXFileReference; lastKnownFileType = sourcecode.swift; path = ResultView.swift; sourceTree = "<group>"; };
		30D0B8552C652105003671BF /* OrtaogretimView.swift */ = {isa = PBXFileReference; lastKnownFileType = sourcecode.swift; path = OrtaogretimView.swift; sourceTree = "<group>"; };
		30D0B8572C652117003671BF /* OnlisansView.swift */ = {isa = PBXFileReference; lastKnownFileType = sourcecode.swift; path = OnlisansView.swift; sourceTree = "<group>"; };
		30D0B8592C652135003671BF /* LisansView.swift */ = {isa = PBXFileReference; lastKnownFileType = sourcecode.swift; path = LisansView.swift; sourceTree = "<group>"; };
		30D0B85B2C652147003671BF /* EgitimbilimleriView.swift */ = {isa = PBXFileReference; lastKnownFileType = sourcecode.swift; path = EgitimbilimleriView.swift; sourceTree = "<group>"; };
		30D0B85D2C652157003671BF /* OABTView.swift */ = {isa = PBXFileReference; lastKnownFileType = sourcecode.swift; path = OABTView.swift; sourceTree = "<group>"; };
		30D0B8602C67C751003671BF /* HesaplaButton.swift */ = {isa = PBXFileReference; lastKnownFileType = sourcecode.swift; path = HesaplaButton.swift; sourceTree = "<group>"; };
		30D0B8622C6E6E7C003671BF /* SonucView.swift */ = {isa = PBXFileReference; lastKnownFileType = sourcecode.swift; path = SonucView.swift; sourceTree = "<group>"; };
		30D0B8652C70D54B003671BF /* Constants.swift */ = {isa = PBXFileReference; lastKnownFileType = sourcecode.swift; path = Constants.swift; sourceTree = "<group>"; };
		30D0B8682C70D841003671BF /* Result.swift */ = {isa = PBXFileReference; lastKnownFileType = sourcecode.swift; path = Result.swift; sourceTree = "<group>"; };
/* End PBXFileReference section */

/* Begin PBXFrameworksBuildPhase section */
		30D0B8392C650C4C003671BF /* Frameworks */ = {
			isa = PBXFrameworksBuildPhase;
			buildActionMask = 2147483647;
			files = (
			);
			runOnlyForDeploymentPostprocessing = 0;
		};
/* End PBXFrameworksBuildPhase section */

/* Begin PBXGroup section */
		30D0B8332C650C4C003671BF = {
			isa = PBXGroup;
			children = (
				30D0B83E2C650C4C003671BF /* KPSS Puan Hesaplama */,
				30D0B83D2C650C4C003671BF /* Products */,
			);
			sourceTree = "<group>";
		};
		30D0B83D2C650C4C003671BF /* Products */ = {
			isa = PBXGroup;
			children = (
				30D0B83C2C650C4C003671BF /* KPSS Puan Hesaplama.app */,
			);
			name = Products;
			sourceTree = "<group>";
		};
		30D0B83E2C650C4C003671BF /* KPSS Puan Hesaplama */ = {
			isa = PBXGroup;
			children = (
				30D0B8672C70D82F003671BF /* Model */,
				30D0B84F2C65140A003671BF /* Views */,
				30D0B8502C651436003671BF /* Resources */,
				30D0B8452C650C4F003671BF /* Preview Content */,
			);
			path = "KPSS Puan Hesaplama";
			sourceTree = "<group>";
		};
		30D0B8452C650C4F003671BF /* Preview Content */ = {
			isa = PBXGroup;
			children = (
				30D0B8462C650C4F003671BF /* Preview Assets.xcassets */,
			);
			path = "Preview Content";
			sourceTree = "<group>";
		};
		30D0B84F2C65140A003671BF /* Views */ = {
			isa = PBXGroup;
			children = (
				30D0B8642C70D532003671BF /* Helpers */,
				30D0B85F2C67BA7A003671BF /* SharedViews */,
				30D0B84D2C6513CB003671BF /* RootView.swift */,
				30D0B8512C6514EF003671BF /* MainView.swift */,
				30D0B8532C65150A003671BF /* ResultView.swift */,
				30D0B8552C652105003671BF /* OrtaogretimView.swift */,
				30D0B8572C652117003671BF /* OnlisansView.swift */,
				30D0B8592C652135003671BF /* LisansView.swift */,
				30D0B85B2C652147003671BF /* EgitimbilimleriView.swift */,
				30D0B85D2C652157003671BF /* OABTView.swift */,
			);
			path = Views;
			sourceTree = "<group>";
		};
		30D0B8502C651436003671BF /* Resources */ = {
			isa = PBXGroup;
			children = (
				30D0B83F2C650C4C003671BF /* KPSS_Puan_HesaplamaApp.swift */,
				30D0B8432C650C4F003671BF /* Assets.xcassets */,
			);
			path = Resources;
			sourceTree = "<group>";
		};
		30D0B85F2C67BA7A003671BF /* SharedViews */ = {
			isa = PBXGroup;
			children = (
				30D0B8602C67C751003671BF /* HesaplaButton.swift */,
				30D0B8622C6E6E7C003671BF /* SonucView.swift */,
			);
			path = SharedViews;
			sourceTree = "<group>";
		};
		30D0B8642C70D532003671BF /* Helpers */ = {
			isa = PBXGroup;
			children = (
				30D0B8652C70D54B003671BF /* Constants.swift */,
			);
			path = Helpers;
			sourceTree = "<group>";
		};
		30D0B8672C70D82F003671BF /* Model */ = {
			isa = PBXGroup;
			children = (
				30D0B8682C70D841003671BF /* Result.swift */,
			);
			path = Model;
			sourceTree = "<group>";
		};
/* End PBXGroup section */

/* Begin PBXNativeTarget section */
		30D0B83B2C650C4C003671BF /* KPSS Puan Hesaplama */ = {
			isa = PBXNativeTarget;
			buildConfigurationList = 30D0B84A2C650C4F003671BF /* Build configuration list for PBXNativeTarget "KPSS Puan Hesaplama" */;
			buildPhases = (
				30D0B8382C650C4C003671BF /* Sources */,
				30D0B8392C650C4C003671BF /* Frameworks */,
				30D0B83A2C650C4C003671BF /* Resources */,
			);
			buildRules = (
			);
			dependencies = (
			);
			name = "KPSS Puan Hesaplama";
			productName = "KPSS Puan Hesaplama";
			productReference = 30D0B83C2C650C4C003671BF /* KPSS Puan Hesaplama.app */;
			productType = "com.apple.product-type.application";
		};
/* End PBXNativeTarget section */

/* Begin PBXProject section */
		30D0B8342C650C4C003671BF /* Project object */ = {
			isa = PBXProject;
			attributes = {
				BuildIndependentTargetsInParallel = 1;
				LastSwiftUpdateCheck = 1540;
				LastUpgradeCheck = 1540;
				TargetAttributes = {
					30D0B83B2C650C4C003671BF = {
						CreatedOnToolsVersion = 15.4;
					};
				};
			};
			buildConfigurationList = 30D0B8372C650C4C003671BF /* Build configuration list for PBXProject "KPSS Puan Hesaplama" */;
			compatibilityVersion = "Xcode 14.0";
			developmentRegion = tr;
			hasScannedForEncodings = 0;
			knownRegions = (
				Base,
				tr,
			);
			mainGroup = 30D0B8332C650C4C003671BF;
			productRefGroup = 30D0B83D2C650C4C003671BF /* Products */;
			projectDirPath = "";
			projectRoot = "";
			targets = (
				30D0B83B2C650C4C003671BF /* KPSS Puan Hesaplama */,
			);
		};
/* End PBXProject section */

/* Begin PBXResourcesBuildPhase section */
		30D0B83A2C650C4C003671BF /* Resources */ = {
			isa = PBXResourcesBuildPhase;
			buildActionMask = 2147483647;
			files = (
				30D0B8472C650C4F003671BF /* Preview Assets.xcassets in Resources */,
				30D0B8442C650C4F003671BF /* Assets.xcassets in Resources */,
			);
			runOnlyForDeploymentPostprocessing = 0;
		};
/* End PBXResourcesBuildPhase section */

/* Begin PBXSourcesBuildPhase section */
		30D0B8382C650C4C003671BF /* Sources */ = {
			isa = PBXSourcesBuildPhase;
			buildActionMask = 2147483647;
			files = (
				30D0B8612C67C751003671BF /* HesaplaButton.swift in Sources */,
				30D0B8692C70D841003671BF /* Result.swift in Sources */,
				30D0B85A2C652135003671BF /* LisansView.swift in Sources */,
				30D0B84E2C6513CB003671BF /* RootView.swift in Sources */,
				30D0B8562C652105003671BF /* OrtaogretimView.swift in Sources */,
				30D0B8542C65150A003671BF /* ResultView.swift in Sources */,
				30D0B8582C652117003671BF /* OnlisansView.swift in Sources */,
				30D0B8522C6514EF003671BF /* MainView.swift in Sources */,
				30D0B8402C650C4C003671BF /* KPSS_Puan_HesaplamaApp.swift in Sources */,
				30D0B85C2C652147003671BF /* EgitimbilimleriView.swift in Sources */,
				30D0B85E2C652157003671BF /* OABTView.swift in Sources */,
				30D0B8632C6E6E7C003671BF /* SonucView.swift in Sources */,
				30D0B8662C70D54B003671BF /* Constants.swift in Sources */,
			);
			runOnlyForDeploymentPostprocessing = 0;
		};
/* End PBXSourcesBuildPhase section */

/* Begin XCBuildConfiguration section */
		30D0B8482C650C4F003671BF /* Debug */ = {
			isa = XCBuildConfiguration;
			buildSettings = {
				ALWAYS_SEARCH_USER_PATHS = NO;
				ASSETCATALOG_COMPILER_GENERATE_SWIFT_ASSET_SYMBOL_EXTENSIONS = YES;
				CLANG_ANALYZER_NONNULL = YES;
				CLANG_ANALYZER_NUMBER_OBJECT_CONVERSION = YES_AGGRESSIVE;
				CLANG_CXX_LANGUAGE_STANDARD = "gnu++20";
				CLANG_ENABLE_MODULES = YES;
				CLANG_ENABLE_OBJC_ARC = YES;
				CLANG_ENABLE_OBJC_WEAK = YES;
				CLANG_WARN_BLOCK_CAPTURE_AUTORELEASING = YES;
				CLANG_WARN_BOOL_CONVERSION = YES;
				CLANG_WARN_COMMA = YES;
				CLANG_WARN_CONSTANT_CONVERSION = YES;
				CLANG_WARN_DEPRECATED_OBJC_IMPLEMENTATIONS = YES;
				CLANG_WARN_DIRECT_OBJC_ISA_USAGE = YES_ERROR;
				CLANG_WARN_DOCUMENTATION_COMMENTS = YES;
				CLANG_WARN_EMPTY_BODY = YES;
				CLANG_WARN_ENUM_CONVERSION = YES;
				CLANG_WARN_INFINITE_RECURSION = YES;
				CLANG_WARN_INT_CONVERSION = YES;
				CLANG_WARN_NON_LITERAL_NULL_CONVERSION = YES;
				CLANG_WARN_OBJC_IMPLICIT_RETAIN_SELF = YES;
				CLANG_WARN_OBJC_LITERAL_CONVERSION = YES;
				CLANG_WARN_OBJC_ROOT_CLASS = YES_ERROR;
				CLANG_WARN_QUOTED_INCLUDE_IN_FRAMEWORK_HEADER = YES;
				CLANG_WARN_RANGE_LOOP_ANALYSIS = YES;
				CLANG_WARN_STRICT_PROTOTYPES = YES;
				CLANG_WARN_SUSPICIOUS_MOVE = YES;
				CLANG_WARN_UNGUARDED_AVAILABILITY = YES_AGGRESSIVE;
				CLANG_WARN_UNREACHABLE_CODE = YES;
				CLANG_WARN__DUPLICATE_METHOD_MATCH = YES;
				COPY_PHASE_STRIP = NO;
				DEBUG_INFORMATION_FORMAT = dwarf;
				ENABLE_STRICT_OBJC_MSGSEND = YES;
				ENABLE_TESTABILITY = YES;
				ENABLE_USER_SCRIPT_SANDBOXING = YES;
				GCC_C_LANGUAGE_STANDARD = gnu17;
				GCC_DYNAMIC_NO_PIC = NO;
				GCC_NO_COMMON_BLOCKS = YES;
				GCC_OPTIMIZATION_LEVEL = 0;
				GCC_PREPROCESSOR_DEFINITIONS = (
					"DEBUG=1",
					"$(inherited)",
				);
				GCC_WARN_64_TO_32_BIT_CONVERSION = YES;
				GCC_WARN_ABOUT_RETURN_TYPE = YES_ERROR;
				GCC_WARN_UNDECLARED_SELECTOR = YES;
				GCC_WARN_UNINITIALIZED_AUTOS = YES_AGGRESSIVE;
				GCC_WARN_UNUSED_FUNCTION = YES;
				GCC_WARN_UNUSED_VARIABLE = YES;
				IPHONEOS_DEPLOYMENT_TARGET = 17.5;
				LOCALIZATION_PREFERS_STRING_CATALOGS = YES;
				MTL_ENABLE_DEBUG_INFO = INCLUDE_SOURCE;
				MTL_FAST_MATH = YES;
				ONLY_ACTIVE_ARCH = YES;
				SDKROOT = iphoneos;
				SWIFT_ACTIVE_COMPILATION_CONDITIONS = "DEBUG $(inherited)";
				SWIFT_OPTIMIZATION_LEVEL = "-Onone";
			};
			name = Debug;
		};
		30D0B8492C650C4F003671BF /* Release */ = {
			isa = XCBuildConfiguration;
			buildSettings = {
				ALWAYS_SEARCH_USER_PATHS = NO;
				ASSETCATALOG_COMPILER_GENERATE_SWIFT_ASSET_SYMBOL_EXTENSIONS = YES;
				CLANG_ANALYZER_NONNULL = YES;
				CLANG_ANALYZER_NUMBER_OBJECT_CONVERSION = YES_AGGRESSIVE;
				CLANG_CXX_LANGUAGE_STANDARD = "gnu++20";
				CLANG_ENABLE_MODULES = YES;
				CLANG_ENABLE_OBJC_ARC = YES;
				CLANG_ENABLE_OBJC_WEAK = YES;
				CLANG_WARN_BLOCK_CAPTURE_AUTORELEASING = YES;
				CLANG_WARN_BOOL_CONVERSION = YES;
				CLANG_WARN_COMMA = YES;
				CLANG_WARN_CONSTANT_CONVERSION = YES;
				CLANG_WARN_DEPRECATED_OBJC_IMPLEMENTATIONS = YES;
				CLANG_WARN_DIRECT_OBJC_ISA_USAGE = YES_ERROR;
				CLANG_WARN_DOCUMENTATION_COMMENTS = YES;
				CLANG_WARN_EMPTY_BODY = YES;
				CLANG_WARN_ENUM_CONVERSION = YES;
				CLANG_WARN_INFINITE_RECURSION = YES;
				CLANG_WARN_INT_CONVERSION = YES;
				CLANG_WARN_NON_LITERAL_NULL_CONVERSION = YES;
				CLANG_WARN_OBJC_IMPLICIT_RETAIN_SELF = YES;
				CLANG_WARN_OBJC_LITERAL_CONVERSION = YES;
				CLANG_WARN_OBJC_ROOT_CLASS = YES_ERROR;
				CLANG_WARN_QUOTED_INCLUDE_IN_FRAMEWORK_HEADER = YES;
				CLANG_WARN_RANGE_LOOP_ANALYSIS = YES;
				CLANG_WARN_STRICT_PROTOTYPES = YES;
				CLANG_WARN_SUSPICIOUS_MOVE = YES;
				CLANG_WARN_UNGUARDED_AVAILABILITY = YES_AGGRESSIVE;
				CLANG_WARN_UNREACHABLE_CODE = YES;
				CLANG_WARN__DUPLICATE_METHOD_MATCH = YES;
				COPY_PHASE_STRIP = NO;
				DEBUG_INFORMATION_FORMAT = "dwarf-with-dsym";
				ENABLE_NS_ASSERTIONS = NO;
				ENABLE_STRICT_OBJC_MSGSEND = YES;
				ENABLE_USER_SCRIPT_SANDBOXING = YES;
				GCC_C_LANGUAGE_STANDARD = gnu17;
				GCC_NO_COMMON_BLOCKS = YES;
				GCC_WARN_64_TO_32_BIT_CONVERSION = YES;
				GCC_WARN_ABOUT_RETURN_TYPE = YES_ERROR;
				GCC_WARN_UNDECLARED_SELECTOR = YES;
				GCC_WARN_UNINITIALIZED_AUTOS = YES_AGGRESSIVE;
				GCC_WARN_UNUSED_FUNCTION = YES;
				GCC_WARN_UNUSED_VARIABLE = YES;
				IPHONEOS_DEPLOYMENT_TARGET = 17.5;
				LOCALIZATION_PREFERS_STRING_CATALOGS = YES;
				MTL_ENABLE_DEBUG_INFO = NO;
				MTL_FAST_MATH = YES;
				SDKROOT = iphoneos;
				SWIFT_COMPILATION_MODE = wholemodule;
				VALIDATE_PRODUCT = YES;
			};
			name = Release;
		};
		30D0B84B2C650C4F003671BF /* Debug */ = {
			isa = XCBuildConfiguration;
			buildSettings = {
				ASSETCATALOG_COMPILER_APPICON_NAME = AppIcon;
				ASSETCATALOG_COMPILER_GLOBAL_ACCENT_COLOR_NAME = AccentColor;
				CODE_SIGN_STYLE = Automatic;
				CURRENT_PROJECT_VERSION = 1;
				DEVELOPMENT_ASSET_PATHS = "\"KPSS Puan Hesaplama/Preview Content\"";
				DEVELOPMENT_TEAM = 75TSHHWFW3;
				ENABLE_PREVIEWS = YES;
				GENERATE_INFOPLIST_FILE = YES;
				INFOPLIST_KEY_CFBundleDisplayName = "Puan Hesaplama";
				INFOPLIST_KEY_UIApplicationSceneManifest_Generation = YES;
				INFOPLIST_KEY_UIApplicationSupportsIndirectInputEvents = YES;
				INFOPLIST_KEY_UILaunchScreen_Generation = YES;
				INFOPLIST_KEY_UISupportedInterfaceOrientations_iPad = "UIInterfaceOrientationPortrait UIInterfaceOrientationPortraitUpsideDown UIInterfaceOrientationLandscapeLeft UIInterfaceOrientationLandscapeRight";
				INFOPLIST_KEY_UISupportedInterfaceOrientations_iPhone = "UIInterfaceOrientationPortrait UIInterfaceOrientationLandscapeLeft UIInterfaceOrientationLandscapeRight";
				LD_RUNPATH_SEARCH_PATHS = (
					"$(inherited)",
					"@executable_path/Frameworks",
				);
				MARKETING_VERSION = 1.0;
				PRODUCT_BUNDLE_IDENTIFIER = "com.selahattinedin.KPSS-Puan-Hesaplama";
				PRODUCT_NAME = "$(TARGET_NAME)";
				SWIFT_EMIT_LOC_STRINGS = YES;
				SWIFT_VERSION = 5.0;
				TARGETED_DEVICE_FAMILY = "1,2";
			};
			name = Debug;
		};
		30D0B84C2C650C4F003671BF /* Release */ = {
			isa = XCBuildConfiguration;
			buildSettings = {
				ASSETCATALOG_COMPILER_APPICON_NAME = AppIcon;
				ASSETCATALOG_COMPILER_GLOBAL_ACCENT_COLOR_NAME = AccentColor;
				CODE_SIGN_STYLE = Automatic;
				CURRENT_PROJECT_VERSION = 1;
				DEVELOPMENT_ASSET_PATHS = "\"KPSS Puan Hesaplama/Preview Content\"";
				DEVELOPMENT_TEAM = 75TSHHWFW3;
				ENABLE_PREVIEWS = YES;
				GENERATE_INFOPLIST_FILE = YES;
				INFOPLIST_KEY_CFBundleDisplayName = "Puan Hesaplama";
				INFOPLIST_KEY_UIApplicationSceneManifest_Generation = YES;
				INFOPLIST_KEY_UIApplicationSupportsIndirectInputEvents = YES;
				INFOPLIST_KEY_UILaunchScreen_Generation = YES;
				INFOPLIST_KEY_UISupportedInterfaceOrientations_iPad = "UIInterfaceOrientationPortrait UIInterfaceOrientationPortraitUpsideDown UIInterfaceOrientationLandscapeLeft UIInterfaceOrientationLandscapeRight";
				INFOPLIST_KEY_UISupportedInterfaceOrientations_iPhone = "UIInterfaceOrientationPortrait UIInterfaceOrientationLandscapeLeft UIInterfaceOrientationLandscapeRight";
				LD_RUNPATH_SEARCH_PATHS = (
					"$(inherited)",
					"@executable_path/Frameworks",
				);
				MARKETING_VERSION = 1.0;
				PRODUCT_BUNDLE_IDENTIFIER = "com.selahattinedin.KPSS-Puan-Hesaplama";
				PRODUCT_NAME = "$(TARGET_NAME)";
				SWIFT_EMIT_LOC_STRINGS = YES;
				SWIFT_VERSION = 5.0;
				TARGETED_DEVICE_FAMILY = "1,2";
			};
			name = Release;
		};
/* End XCBuildConfiguration section */

/* Begin XCConfigurationList section */
		30D0B8372C650C4C003671BF /* Build configuration list for PBXProject "KPSS Puan Hesaplama" */ = {
			isa = XCConfigurationList;
			buildConfigurations = (
				30D0B8482C650C4F003671BF /* Debug */,
				30D0B8492C650C4F003671BF /* Release */,
			);
			defaultConfigurationIsVisible = 0;
			defaultConfigurationName = Release;
		};
		30D0B84A2C650C4F003671BF /* Build configuration list for PBXNativeTarget "KPSS Puan Hesaplama" */ = {
			isa = XCConfigurationList;
			buildConfigurations = (
				30D0B84B2C650C4F003671BF /* Debug */,
				30D0B84C2C650C4F003671BF /* Release */,
			);
			defaultConfigurationIsVisible = 0;
			defaultConfigurationName = Release;
		};
/* End XCConfigurationList section */
	};
	rootObject = 30D0B8342C650C4C003671BF /* Project object */;
}
